
Microsoft Visual Studio Solution File, Format Version 12.00
# Visual Studio Version 16
VisualStudioVersion = 16.0.30330.147
MinimumVisualStudioVersion = 10.0.40219.1
Project("{FAE04EC0-301F-11D3-BF4B-00C04F79EFBC}") = "Common.Mappers", "Common.Mappers\Common.Mappers.csproj", "{2D9AF40E-D7C1-4765-B589-911029FE0568}"
EndProject
Project("{FAE04EC0-301F-11D3-BF4B-00C04F79EFBC}") = "Common.Repository", "Common.Repository\Common.Repository.csproj", "{125490FA-B630-4905-A8FC-DBDAC033281C}"
EndProject
Project("{FAE04EC0-301F-11D3-BF4B-00C04F79EFBC}") = "Data.Repositories", "Data.Repositories\Data.Repositories.csproj", "{9760FB52-0649-4F08-8FE4-3D6A02EEFD78}"
EndProject
Project("{FAE04EC0-301F-11D3-BF4B-00C04F79EFBC}") = "Domain.Models", "Domain.Models\Domain.Models.csproj", "{D9174C91-B77E-4D00-AEBD-5C98D096A598}"
EndProject
Project("{FAE04EC0-301F-11D3-BF4B-00C04F79EFBC}") = "Data.Entities", "Data.Entities\Data.Entities.csproj", "{87EED489-F961-4386-897C-566F28B835C5}"
EndProject
Project("{FAE04EC0-301F-11D3-BF4B-00C04F79EFBC}") = "Application.DTOs", "Application.DTOs\Application.DTOs.csproj", "{DFC03266-B110-43FA-9C7E-72F64EDD731C}"
EndProject
Project("{FAE04EC0-301F-11D3-BF4B-00C04F79EFBC}") = "Data.Mappers", "Data.Mappers\Data.Mappers.csproj", "{BEBF5A14-72FE-4DAA-827C-5ED4FD3B6905}"
EndProject
Project("{FAE04EC0-301F-11D3-BF4B-00C04F79EFBC}") = "Application.Mappers", "Application.Mappers\Application.Mappers.csproj", "{73B300FE-6EB6-474D-9377-A901440F8696}"
EndProject
Project("{FAE04EC0-301F-11D3-BF4B-00C04F79EFBC}") = "Data.Services", "Data.Services\Data.Services.csproj", "{2E0B7CBA-DF88-4EC9-8B42-77E9E9AB2BE9}"
EndProject
Project("{FAE04EC0-301F-11D3-BF4B-00C04F79EFBC}") = "Application.Mappers.Tests", "Application.Mappers.Tests\Application.Mappers.Tests.csproj", "{E4F32425-1AB2-43C8-9BA7-140A730E7B64}"
EndProject
Project("{FAE04EC0-301F-11D3-BF4B-00C04F79EFBC}") = "Data.Mappers.Tests", "Data.Mappers.Tests\Data.Mappers.Tests.csproj", "{C00E4B3F-D166-4C0D-A094-6CE005C5F76F}"
EndProject
Project("{FAE04EC0-301F-11D3-BF4B-00C04F79EFBC}") = "Data.Repositories.Tests", "Data.Repositories.Tests\Data.Repositories.Tests.csproj", "{9ABD5BAC-1D5B-4BFA-B2E8-F4949844F6F1}"
EndProject
Project("{FAE04EC0-301F-11D3-BF4B-00C04F79EFBC}") = "Data.Dapper.Extensions", "Data.Dapper.Extensions\Data.Dapper.Extensions.csproj", "{45401D82-9D59-40D6-B61B-E8F982BF588B}"
EndProject
Project("{FAE04EC0-301F-11D3-BF4B-00C04F79EFBC}") = "Common.Factories", "Common.Factories\Common.Factories.csproj", "{0A3B1183-2D1F-492C-B137-B86B654D8431}"
EndProject
Project("{FAE04EC0-301F-11D3-BF4B-00C04F79EFBC}") = "Application.ConsoleApplication", "Application.ConsoleApplication\Application.ConsoleApplication.csproj", "{0642727D-C3E4-48CE-809E-FDD80782B333}"
EndProject
Project("{FAE04EC0-301F-11D3-BF4B-00C04F79EFBC}") = "Domain.Services", "Domain.Services\Domain.Services.csproj", "{8CFADF2E-9AC6-44CE-9178-5088D008C4A9}"
EndProject
Project("{FAE04EC0-301F-11D3-BF4B-00C04F79EFBC}") = "Domain.Factories", "Domain.Factories\Domain.Factories.csproj", "{C3E2F331-80E8-465B-BDEF-3ADE72FB269B}"
EndProject
Project("{FAE04EC0-301F-11D3-BF4B-00C04F79EFBC}") = "Application.WebApi", "Application.WebApi\Application.WebApi.csproj", "{D01C47B8-2BAC-4E0E-9AC3-47C9F403C90C}"
EndProject
Project("{FAE04EC0-301F-11D3-BF4B-00C04F79EFBC}") = "Application.SignalR", "Application.SignalR\Application.SignalR.csproj", "{AD7493AC-E5B0-4832-AF90-D0AD302BD375}"
EndProject
Project("{FAE04EC0-301F-11D3-BF4B-00C04F79EFBC}") = "Common.Validation", "Common.Validation\Common.Validation.csproj", "{8E3C33DE-7EC4-4C4D-9073-68D09452F745}"
EndProject
Project("{FAE04EC0-301F-11D3-BF4B-00C04F79EFBC}") = "Domain.Validation", "Domain.Validation\Domain.Validation.csproj", "{AA37C22B-DB88-4E96-A75B-E840DEBC4932}"
EndProject
Project("{FAE04EC0-301F-11D3-BF4B-00C04F79EFBC}") = "Domain.Validation.Tests", "Domain.Validation.Tests\Domain.Validation.Tests.csproj", "{38E4C552-BFE6-43AB-9523-40C06DE24FBD}"
EndProject
Project("{FAE04EC0-301F-11D3-BF4B-00C04F79EFBC}") = "Domain.Services.Tests", "Domain.Services.Tests\Domain.Services.Tests.csproj", "{BD07621F-3559-44E1-9936-2B1D52C8ACB3}"
EndProject
Project("{FAE04EC0-301F-11D3-BF4B-00C04F79EFBC}") = "Data.Services.Tests", "Data.Services.Tests\Data.Services.Tests.csproj", "{6EA9878F-4986-4D90-920C-C6D8967E1266}"
EndProject
Project("{FAE04EC0-301F-11D3-BF4B-00C04F79EFBC}") = "Domain.Factories.Tests", "Domain.Factories.Tests\Domain.Factories.Tests.csproj", "{49777615-6467-4A1B-B2B3-FFB84B9A491C}"
EndProject
Project("{2150E333-8FDC-42A3-9474-1A3956D46DE8}") = "5 - Common", "5 - Common", "{E13E5644-EC13-4D3E-B644-D30B6F8E579C}"
EndProject
Project("{2150E333-8FDC-42A3-9474-1A3956D46DE8}") = "3 - Data-Access-Layer", "3 - Data-Access-Layer", "{E24CE068-BF5B-4C7A-BE33-FA2FD2798FB1}"
EndProject
Project("{2150E333-8FDC-42A3-9474-1A3956D46DE8}") = "2 - Domain-Business-Logic", "2 - Domain-Business-Logic", "{D59CE08B-7B2B-4A20-B41E-A4ADF68D2BAE}"
EndProject
Project("{2150E333-8FDC-42A3-9474-1A3956D46DE8}") = "1 - Application-UI", "1 - Application-UI", "{D8A38169-B880-4B40-8022-522D069183A1}"
EndProject
Project("{FAE04EC0-301F-11D3-BF4B-00C04F79EFBC}") = "Common.Exceptions", "Common.Exceptions\Common.Exceptions.csproj", "{E70CCB76-37DE-4C4F-BC1D-0510B2B73743}"
EndProject
Project("{FAE04EC0-301F-11D3-BF4B-00C04F79EFBC}") = "Shared.Requests", "Shared.Requests\Shared.Requests.csproj", "{B6E2FA3B-7BF5-4191-B6C0-87BBCDCE32E5}"
EndProject
Project("{2150E333-8FDC-42A3-9474-1A3956D46DE8}") = "4 - Shared", "4 - Shared", "{8E1EB372-8FA6-4AAF-BA6F-8ED1648F6D4F}"
EndProject
Project("{FAE04EC0-301F-11D3-BF4B-00C04F79EFBC}") = "Shared.Queueing.Abstractions", "Shared.Queueing.Abstractions\Shared.Queueing.Abstractions.csproj", "{E5BCC0DA-E7F1-44C0-85C5-25660A682ABF}"
EndProject
Project("{FAE04EC0-301F-11D3-BF4B-00C04F79EFBC}") = "Shared.Queueing.Messages", "Shared.Queueing.Messages\Shared.Queueing.Messages.csproj", "{A515DD8E-FABC-4DB5-918E-8A5CA66E683C}"
EndProject
Project("{FAE04EC0-301F-11D3-BF4B-00C04F79EFBC}") = "Common.Validation.Tests", "Common.Validation.Tests\Common.Validation.Tests.csproj", "{1F2A1D57-418D-45BB-911D-F0531A16E214}"
EndProject
Project("{FAE04EC0-301F-11D3-BF4B-00C04F79EFBC}") = "Common.Mappers.Tests", "Common.Mappers.Tests\Common.Mappers.Tests.csproj", "{EBFAA572-242B-4DC4-A18B-459059AD94F5}"
EndProject
Global
	GlobalSection(SolutionConfigurationPlatforms) = preSolution
		Debug|Any CPU = Debug|Any CPU
		Release|Any CPU = Release|Any CPU
	EndGlobalSection
	GlobalSection(ProjectConfigurationPlatforms) = postSolution
		{2D9AF40E-D7C1-4765-B589-911029FE0568}.Debug|Any CPU.ActiveCfg = Debug|Any CPU
		{2D9AF40E-D7C1-4765-B589-911029FE0568}.Debug|Any CPU.Build.0 = Debug|Any CPU
		{2D9AF40E-D7C1-4765-B589-911029FE0568}.Release|Any CPU.ActiveCfg = Release|Any CPU
		{2D9AF40E-D7C1-4765-B589-911029FE0568}.Release|Any CPU.Build.0 = Release|Any CPU
		{125490FA-B630-4905-A8FC-DBDAC033281C}.Debug|Any CPU.ActiveCfg = Debug|Any CPU
		{125490FA-B630-4905-A8FC-DBDAC033281C}.Debug|Any CPU.Build.0 = Debug|Any CPU
		{125490FA-B630-4905-A8FC-DBDAC033281C}.Release|Any CPU.ActiveCfg = Release|Any CPU
		{125490FA-B630-4905-A8FC-DBDAC033281C}.Release|Any CPU.Build.0 = Release|Any CPU
		{9760FB52-0649-4F08-8FE4-3D6A02EEFD78}.Debug|Any CPU.ActiveCfg = Debug|Any CPU
		{9760FB52-0649-4F08-8FE4-3D6A02EEFD78}.Debug|Any CPU.Build.0 = Debug|Any CPU
		{9760FB52-0649-4F08-8FE4-3D6A02EEFD78}.Release|Any CPU.ActiveCfg = Release|Any CPU
		{9760FB52-0649-4F08-8FE4-3D6A02EEFD78}.Release|Any CPU.Build.0 = Release|Any CPU
		{D9174C91-B77E-4D00-AEBD-5C98D096A598}.Debug|Any CPU.ActiveCfg = Debug|Any CPU
		{D9174C91-B77E-4D00-AEBD-5C98D096A598}.Debug|Any CPU.Build.0 = Debug|Any CPU
		{D9174C91-B77E-4D00-AEBD-5C98D096A598}.Release|Any CPU.ActiveCfg = Release|Any CPU
		{D9174C91-B77E-4D00-AEBD-5C98D096A598}.Release|Any CPU.Build.0 = Release|Any CPU
		{87EED489-F961-4386-897C-566F28B835C5}.Debug|Any CPU.ActiveCfg = Debug|Any CPU
		{87EED489-F961-4386-897C-566F28B835C5}.Debug|Any CPU.Build.0 = Debug|Any CPU
		{87EED489-F961-4386-897C-566F28B835C5}.Release|Any CPU.ActiveCfg = Release|Any CPU
		{87EED489-F961-4386-897C-566F28B835C5}.Release|Any CPU.Build.0 = Release|Any CPU
		{DFC03266-B110-43FA-9C7E-72F64EDD731C}.Debug|Any CPU.ActiveCfg = Debug|Any CPU
		{DFC03266-B110-43FA-9C7E-72F64EDD731C}.Debug|Any CPU.Build.0 = Debug|Any CPU
		{DFC03266-B110-43FA-9C7E-72F64EDD731C}.Release|Any CPU.ActiveCfg = Release|Any CPU
		{DFC03266-B110-43FA-9C7E-72F64EDD731C}.Release|Any CPU.Build.0 = Release|Any CPU
		{BEBF5A14-72FE-4DAA-827C-5ED4FD3B6905}.Debug|Any CPU.ActiveCfg = Debug|Any CPU
		{BEBF5A14-72FE-4DAA-827C-5ED4FD3B6905}.Debug|Any CPU.Build.0 = Debug|Any CPU
		{BEBF5A14-72FE-4DAA-827C-5ED4FD3B6905}.Release|Any CPU.ActiveCfg = Release|Any CPU
		{BEBF5A14-72FE-4DAA-827C-5ED4FD3B6905}.Release|Any CPU.Build.0 = Release|Any CPU
		{73B300FE-6EB6-474D-9377-A901440F8696}.Debug|Any CPU.ActiveCfg = Debug|Any CPU
		{73B300FE-6EB6-474D-9377-A901440F8696}.Debug|Any CPU.Build.0 = Debug|Any CPU
		{73B300FE-6EB6-474D-9377-A901440F8696}.Release|Any CPU.ActiveCfg = Release|Any CPU
		{73B300FE-6EB6-474D-9377-A901440F8696}.Release|Any CPU.Build.0 = Release|Any CPU
		{2E0B7CBA-DF88-4EC9-8B42-77E9E9AB2BE9}.Debug|Any CPU.ActiveCfg = Debug|Any CPU
		{2E0B7CBA-DF88-4EC9-8B42-77E9E9AB2BE9}.Debug|Any CPU.Build.0 = Debug|Any CPU
		{2E0B7CBA-DF88-4EC9-8B42-77E9E9AB2BE9}.Release|Any CPU.ActiveCfg = Release|Any CPU
		{2E0B7CBA-DF88-4EC9-8B42-77E9E9AB2BE9}.Release|Any CPU.Build.0 = Release|Any CPU
		{E4F32425-1AB2-43C8-9BA7-140A730E7B64}.Debug|Any CPU.ActiveCfg = Debug|Any CPU
		{E4F32425-1AB2-43C8-9BA7-140A730E7B64}.Debug|Any CPU.Build.0 = Debug|Any CPU
		{E4F32425-1AB2-43C8-9BA7-140A730E7B64}.Release|Any CPU.ActiveCfg = Release|Any CPU
		{E4F32425-1AB2-43C8-9BA7-140A730E7B64}.Release|Any CPU.Build.0 = Release|Any CPU
		{C00E4B3F-D166-4C0D-A094-6CE005C5F76F}.Debug|Any CPU.ActiveCfg = Debug|Any CPU
		{C00E4B3F-D166-4C0D-A094-6CE005C5F76F}.Debug|Any CPU.Build.0 = Debug|Any CPU
		{C00E4B3F-D166-4C0D-A094-6CE005C5F76F}.Release|Any CPU.ActiveCfg = Release|Any CPU
		{C00E4B3F-D166-4C0D-A094-6CE005C5F76F}.Release|Any CPU.Build.0 = Release|Any CPU
		{9ABD5BAC-1D5B-4BFA-B2E8-F4949844F6F1}.Debug|Any CPU.ActiveCfg = Debug|Any CPU
		{9ABD5BAC-1D5B-4BFA-B2E8-F4949844F6F1}.Debug|Any CPU.Build.0 = Debug|Any CPU
		{9ABD5BAC-1D5B-4BFA-B2E8-F4949844F6F1}.Release|Any CPU.ActiveCfg = Release|Any CPU
		{9ABD5BAC-1D5B-4BFA-B2E8-F4949844F6F1}.Release|Any CPU.Build.0 = Release|Any CPU
		{45401D82-9D59-40D6-B61B-E8F982BF588B}.Debug|Any CPU.ActiveCfg = Debug|Any CPU
		{45401D82-9D59-40D6-B61B-E8F982BF588B}.Debug|Any CPU.Build.0 = Debug|Any CPU
		{45401D82-9D59-40D6-B61B-E8F982BF588B}.Release|Any CPU.ActiveCfg = Release|Any CPU
		{45401D82-9D59-40D6-B61B-E8F982BF588B}.Release|Any CPU.Build.0 = Release|Any CPU
		{0A3B1183-2D1F-492C-B137-B86B654D8431}.Debug|Any CPU.ActiveCfg = Debug|Any CPU
		{0A3B1183-2D1F-492C-B137-B86B654D8431}.Debug|Any CPU.Build.0 = Debug|Any CPU
		{0A3B1183-2D1F-492C-B137-B86B654D8431}.Release|Any CPU.ActiveCfg = Release|Any CPU
		{0A3B1183-2D1F-492C-B137-B86B654D8431}.Release|Any CPU.Build.0 = Release|Any CPU
		{0642727D-C3E4-48CE-809E-FDD80782B333}.Debug|Any CPU.ActiveCfg = Debug|Any CPU
		{0642727D-C3E4-48CE-809E-FDD80782B333}.Debug|Any CPU.Build.0 = Debug|Any CPU
		{0642727D-C3E4-48CE-809E-FDD80782B333}.Release|Any CPU.ActiveCfg = Release|Any CPU
		{0642727D-C3E4-48CE-809E-FDD80782B333}.Release|Any CPU.Build.0 = Release|Any CPU
		{8CFADF2E-9AC6-44CE-9178-5088D008C4A9}.Debug|Any CPU.ActiveCfg = Debug|Any CPU
		{8CFADF2E-9AC6-44CE-9178-5088D008C4A9}.Debug|Any CPU.Build.0 = Debug|Any CPU
		{8CFADF2E-9AC6-44CE-9178-5088D008C4A9}.Release|Any CPU.ActiveCfg = Release|Any CPU
		{8CFADF2E-9AC6-44CE-9178-5088D008C4A9}.Release|Any CPU.Build.0 = Release|Any CPU
		{C3E2F331-80E8-465B-BDEF-3ADE72FB269B}.Debug|Any CPU.ActiveCfg = Debug|Any CPU
		{C3E2F331-80E8-465B-BDEF-3ADE72FB269B}.Debug|Any CPU.Build.0 = Debug|Any CPU
		{C3E2F331-80E8-465B-BDEF-3ADE72FB269B}.Release|Any CPU.ActiveCfg = Release|Any CPU
		{C3E2F331-80E8-465B-BDEF-3ADE72FB269B}.Release|Any CPU.Build.0 = Release|Any CPU
		{D01C47B8-2BAC-4E0E-9AC3-47C9F403C90C}.Debug|Any CPU.ActiveCfg = Debug|Any CPU
		{D01C47B8-2BAC-4E0E-9AC3-47C9F403C90C}.Debug|Any CPU.Build.0 = Debug|Any CPU
		{D01C47B8-2BAC-4E0E-9AC3-47C9F403C90C}.Release|Any CPU.ActiveCfg = Release|Any CPU
		{D01C47B8-2BAC-4E0E-9AC3-47C9F403C90C}.Release|Any CPU.Build.0 = Release|Any CPU
		{AD7493AC-E5B0-4832-AF90-D0AD302BD375}.Debug|Any CPU.ActiveCfg = Debug|Any CPU
		{AD7493AC-E5B0-4832-AF90-D0AD302BD375}.Debug|Any CPU.Build.0 = Debug|Any CPU
		{AD7493AC-E5B0-4832-AF90-D0AD302BD375}.Release|Any CPU.ActiveCfg = Release|Any CPU
		{AD7493AC-E5B0-4832-AF90-D0AD302BD375}.Release|Any CPU.Build.0 = Release|Any CPU
		{8E3C33DE-7EC4-4C4D-9073-68D09452F745}.Debug|Any CPU.ActiveCfg = Debug|Any CPU
		{8E3C33DE-7EC4-4C4D-9073-68D09452F745}.Debug|Any CPU.Build.0 = Debug|Any CPU
		{8E3C33DE-7EC4-4C4D-9073-68D09452F745}.Release|Any CPU.ActiveCfg = Release|Any CPU
		{8E3C33DE-7EC4-4C4D-9073-68D09452F745}.Release|Any CPU.Build.0 = Release|Any CPU
		{AA37C22B-DB88-4E96-A75B-E840DEBC4932}.Debug|Any CPU.ActiveCfg = Debug|Any CPU
		{AA37C22B-DB88-4E96-A75B-E840DEBC4932}.Debug|Any CPU.Build.0 = Debug|Any CPU
		{AA37C22B-DB88-4E96-A75B-E840DEBC4932}.Release|Any CPU.ActiveCfg = Release|Any CPU
		{AA37C22B-DB88-4E96-A75B-E840DEBC4932}.Release|Any CPU.Build.0 = Release|Any CPU
		{38E4C552-BFE6-43AB-9523-40C06DE24FBD}.Debug|Any CPU.ActiveCfg = Debug|Any CPU
		{38E4C552-BFE6-43AB-9523-40C06DE24FBD}.Debug|Any CPU.Build.0 = Debug|Any CPU
		{38E4C552-BFE6-43AB-9523-40C06DE24FBD}.Release|Any CPU.ActiveCfg = Release|Any CPU
		{38E4C552-BFE6-43AB-9523-40C06DE24FBD}.Release|Any CPU.Build.0 = Release|Any CPU
		{BD07621F-3559-44E1-9936-2B1D52C8ACB3}.Debug|Any CPU.ActiveCfg = Debug|Any CPU
		{BD07621F-3559-44E1-9936-2B1D52C8ACB3}.Debug|Any CPU.Build.0 = Debug|Any CPU
		{BD07621F-3559-44E1-9936-2B1D52C8ACB3}.Release|Any CPU.ActiveCfg = Release|Any CPU
		{BD07621F-3559-44E1-9936-2B1D52C8ACB3}.Release|Any CPU.Build.0 = Release|Any CPU
		{6EA9878F-4986-4D90-920C-C6D8967E1266}.Debug|Any CPU.ActiveCfg = Debug|Any CPU
		{6EA9878F-4986-4D90-920C-C6D8967E1266}.Debug|Any CPU.Build.0 = Debug|Any CPU
		{6EA9878F-4986-4D90-920C-C6D8967E1266}.Release|Any CPU.ActiveCfg = Release|Any CPU
		{6EA9878F-4986-4D90-920C-C6D8967E1266}.Release|Any CPU.Build.0 = Release|Any CPU
		{49777615-6467-4A1B-B2B3-FFB84B9A491C}.Debug|Any CPU.ActiveCfg = Debug|Any CPU
		{49777615-6467-4A1B-B2B3-FFB84B9A491C}.Debug|Any CPU.Build.0 = Debug|Any CPU
		{49777615-6467-4A1B-B2B3-FFB84B9A491C}.Release|Any CPU.ActiveCfg = Release|Any CPU
		{49777615-6467-4A1B-B2B3-FFB84B9A491C}.Release|Any CPU.Build.0 = Release|Any CPU
		{E70CCB76-37DE-4C4F-BC1D-0510B2B73743}.Debug|Any CPU.ActiveCfg = Debug|Any CPU
		{E70CCB76-37DE-4C4F-BC1D-0510B2B73743}.Debug|Any CPU.Build.0 = Debug|Any CPU
		{E70CCB76-37DE-4C4F-BC1D-0510B2B73743}.Release|Any CPU.ActiveCfg = Release|Any CPU
		{E70CCB76-37DE-4C4F-BC1D-0510B2B73743}.Release|Any CPU.Build.0 = Release|Any CPU
		{B6E2FA3B-7BF5-4191-B6C0-87BBCDCE32E5}.Debug|Any CPU.ActiveCfg = Debug|Any CPU
		{B6E2FA3B-7BF5-4191-B6C0-87BBCDCE32E5}.Debug|Any CPU.Build.0 = Debug|Any CPU
		{B6E2FA3B-7BF5-4191-B6C0-87BBCDCE32E5}.Release|Any CPU.ActiveCfg = Release|Any CPU
		{B6E2FA3B-7BF5-4191-B6C0-87BBCDCE32E5}.Release|Any CPU.Build.0 = Release|Any CPU
		{E5BCC0DA-E7F1-44C0-85C5-25660A682ABF}.Debug|Any CPU.ActiveCfg = Debug|Any CPU
		{E5BCC0DA-E7F1-44C0-85C5-25660A682ABF}.Debug|Any CPU.Build.0 = Debug|Any CPU
		{E5BCC0DA-E7F1-44C0-85C5-25660A682ABF}.Release|Any CPU.ActiveCfg = Release|Any CPU
		{E5BCC0DA-E7F1-44C0-85C5-25660A682ABF}.Release|Any CPU.Build.0 = Release|Any CPU
		{A515DD8E-FABC-4DB5-918E-8A5CA66E683C}.Debug|Any CPU.ActiveCfg = Debug|Any CPU
		{A515DD8E-FABC-4DB5-918E-8A5CA66E683C}.Debug|Any CPU.Build.0 = Debug|Any CPU
		{A515DD8E-FABC-4DB5-918E-8A5CA66E683C}.Release|Any CPU.ActiveCfg = Release|Any CPU
		{A515DD8E-FABC-4DB5-918E-8A5CA66E683C}.Release|Any CPU.Build.0 = Release|Any CPU
		{1F2A1D57-418D-45BB-911D-F0531A16E214}.Debug|Any CPU.ActiveCfg = Debug|Any CPU
		{1F2A1D57-418D-45BB-911D-F0531A16E214}.Debug|Any CPU.Build.0 = Debug|Any CPU
		{1F2A1D57-418D-45BB-911D-F0531A16E214}.Release|Any CPU.ActiveCfg = Release|Any CPU
		{1F2A1D57-418D-45BB-911D-F0531A16E214}.Release|Any CPU.Build.0 = Release|Any CPU
		{EBFAA572-242B-4DC4-A18B-459059AD94F5}.Debug|Any CPU.ActiveCfg = Debug|Any CPU
		{EBFAA572-242B-4DC4-A18B-459059AD94F5}.Debug|Any CPU.Build.0 = Debug|Any CPU
		{EBFAA572-242B-4DC4-A18B-459059AD94F5}.Release|Any CPU.ActiveCfg = Release|Any CPU
		{EBFAA572-242B-4DC4-A18B-459059AD94F5}.Release|Any CPU.Build.0 = Release|Any CPU
	EndGlobalSection
	GlobalSection(SolutionProperties) = preSolution
		HideSolutionNode = FALSE
	EndGlobalSection
	GlobalSection(ExtensibilityGlobals) = postSolution
		SolutionGuid = {CBEC561A-3BD0-4FB4-A8DA-F0BD00767EFB}
	EndGlobalSection
	GlobalSection(NestedProjects) = preSolution
		{0A3B1183-2D1F-492C-B137-B86B654D8431} = {E13E5644-EC13-4D3E-B644-D30B6F8E579C}
		{2D9AF40E-D7C1-4765-B589-911029FE0568} = {E13E5644-EC13-4D3E-B644-D30B6F8E579C}
		{125490FA-B630-4905-A8FC-DBDAC033281C} = {E13E5644-EC13-4D3E-B644-D30B6F8E579C}
		{8E3C33DE-7EC4-4C4D-9073-68D09452F745} = {E13E5644-EC13-4D3E-B644-D30B6F8E579C}
		{0642727D-C3E4-48CE-809E-FDD80782B333} = {D8A38169-B880-4B40-8022-522D069183A1}
		{DFC03266-B110-43FA-9C7E-72F64EDD731C} = {D8A38169-B880-4B40-8022-522D069183A1}
		{AD7493AC-E5B0-4832-AF90-D0AD302BD375} = {D8A38169-B880-4B40-8022-522D069183A1}
		{D01C47B8-2BAC-4E0E-9AC3-47C9F403C90C} = {D8A38169-B880-4B40-8022-522D069183A1}
		{45401D82-9D59-40D6-B61B-E8F982BF588B} = {E24CE068-BF5B-4C7A-BE33-FA2FD2798FB1}
		{87EED489-F961-4386-897C-566F28B835C5} = {E24CE068-BF5B-4C7A-BE33-FA2FD2798FB1}
		{BEBF5A14-72FE-4DAA-827C-5ED4FD3B6905} = {E24CE068-BF5B-4C7A-BE33-FA2FD2798FB1}
		{C00E4B3F-D166-4C0D-A094-6CE005C5F76F} = {E24CE068-BF5B-4C7A-BE33-FA2FD2798FB1}
		{9760FB52-0649-4F08-8FE4-3D6A02EEFD78} = {E24CE068-BF5B-4C7A-BE33-FA2FD2798FB1}
		{9ABD5BAC-1D5B-4BFA-B2E8-F4949844F6F1} = {E24CE068-BF5B-4C7A-BE33-FA2FD2798FB1}
		{2E0B7CBA-DF88-4EC9-8B42-77E9E9AB2BE9} = {E24CE068-BF5B-4C7A-BE33-FA2FD2798FB1}
		{6EA9878F-4986-4D90-920C-C6D8967E1266} = {E24CE068-BF5B-4C7A-BE33-FA2FD2798FB1}
		{C3E2F331-80E8-465B-BDEF-3ADE72FB269B} = {D59CE08B-7B2B-4A20-B41E-A4ADF68D2BAE}
		{49777615-6467-4A1B-B2B3-FFB84B9A491C} = {D59CE08B-7B2B-4A20-B41E-A4ADF68D2BAE}
		{D9174C91-B77E-4D00-AEBD-5C98D096A598} = {D59CE08B-7B2B-4A20-B41E-A4ADF68D2BAE}
		{8CFADF2E-9AC6-44CE-9178-5088D008C4A9} = {D59CE08B-7B2B-4A20-B41E-A4ADF68D2BAE}
		{AA37C22B-DB88-4E96-A75B-E840DEBC4932} = {D59CE08B-7B2B-4A20-B41E-A4ADF68D2BAE}
		{38E4C552-BFE6-43AB-9523-40C06DE24FBD} = {D59CE08B-7B2B-4A20-B41E-A4ADF68D2BAE}
		{BD07621F-3559-44E1-9936-2B1D52C8ACB3} = {D59CE08B-7B2B-4A20-B41E-A4ADF68D2BAE}
		{73B300FE-6EB6-474D-9377-A901440F8696} = {D8A38169-B880-4B40-8022-522D069183A1}
		{E4F32425-1AB2-43C8-9BA7-140A730E7B64} = {D8A38169-B880-4B40-8022-522D069183A1}
		{E70CCB76-37DE-4C4F-BC1D-0510B2B73743} = {E13E5644-EC13-4D3E-B644-D30B6F8E579C}
		{E5BCC0DA-E7F1-44C0-85C5-25660A682ABF} = {8E1EB372-8FA6-4AAF-BA6F-8ED1648F6D4F}
		{A515DD8E-FABC-4DB5-918E-8A5CA66E683C} = {8E1EB372-8FA6-4AAF-BA6F-8ED1648F6D4F}
		{1F2A1D57-418D-45BB-911D-F0531A16E214} = {E13E5644-EC13-4D3E-B644-D30B6F8E579C}
		{EBFAA572-242B-4DC4-A18B-459059AD94F5} = {E13E5644-EC13-4D3E-B644-D30B6F8E579C}
		{B6E2FA3B-7BF5-4191-B6C0-87BBCDCE32E5} = {8E1EB372-8FA6-4AAF-BA6F-8ED1648F6D4F}
	EndGlobalSection
EndGlobal
