
Microsoft Visual Studio Solution File, Format Version 12.00
# Visual Studio Version 16
VisualStudioVersion = 16.0.30330.147
MinimumVisualStudioVersion = 10.0.40219.1
Project("{FAE04EC0-301F-11D3-BF4B-00C04F79EFBC}") = "Common.Mappers", "Common.Mappers\Common.Mappers.csproj", "{2D9AF40E-D7C1-4765-B589-911029FE0568}"
EndProject
Project("{FAE04EC0-301F-11D3-BF4B-00C04F79EFBC}") = "Common.Repository", "Common.Repository\Common.Repository.csproj", "{125490FA-B630-4905-A8FC-DBDAC033281C}"
EndProject
Project("{FAE04EC0-301F-11D3-BF4B-00C04F79EFBC}") = "Data.Repositories", "Data.Repositories\Data.Repositories.csproj", "{9760FB52-0649-4F08-8FE4-3D6A02EEFD78}"
EndProject
Project("{FAE04EC0-301F-11D3-BF4B-00C04F79EFBC}") = "Domain.Models", "Domain.Models\Domain.Models.csproj", "{D9174C91-B77E-4D00-AEBD-5C98D096A598}"
EndProject
Project("{FAE04EC0-301F-11D3-BF4B-00C04F79EFBC}") = "Data.Entities", "Data.Entities\Data.Entities.csproj", "{87EED489-F961-4386-897C-566F28B835C5}"
EndProject
Project("{FAE04EC0-301F-11D3-BF4B-00C04F79EFBC}") = "Application.DTOs", "Application.DTOs\Application.DTOs.csproj", "{DFC03266-B110-43FA-9C7E-72F64EDD731C}"
EndProject
Project("{FAE04EC0-301F-11D3-BF4B-00C04F79EFBC}") = "Data.Mappers", "Data.Mappers\Data.Mappers.csproj", "{BEBF5A14-72FE-4DAA-827C-5ED4FD3B6905}"
EndProject
Project("{FAE04EC0-301F-11D3-BF4B-00C04F79EFBC}") = "Application.Mappers", "Application.Mappers\Application.Mappers.csproj", "{73B300FE-6EB6-474D-9377-A901440F8696}"
EndProject
Project("{FAE04EC0-301F-11D3-BF4B-00C04F79EFBC}") = "Data.Services", "Data.Services\Data.Services.csproj", "{2E0B7CBA-DF88-4EC9-8B42-77E9E9AB2BE9}"
EndProject
Project("{FAE04EC0-301F-11D3-BF4B-00C04F79EFBC}") = "Application.Mappers.Tests", "Application.Mappers.Tests\Application.Mappers.Tests.csproj", "{E4F32425-1AB2-43C8-9BA7-140A730E7B64}"
EndProject
Project("{FAE04EC0-301F-11D3-BF4B-00C04F79EFBC}") = "Data.Mappers.Tests", "Data.Mappers.Tests\Data.Mappers.Tests.csproj", "{C00E4B3F-D166-4C0D-A094-6CE005C5F76F}"
EndProject
Project("{FAE04EC0-301F-11D3-BF4B-00C04F79EFBC}") = "Data.Repositories.Tests", "Data.Repositories.Tests\Data.Repositories.Tests.csproj", "{9ABD5BAC-1D5B-4BFA-B2E8-F4949844F6F1}"
EndProject
Project("{FAE04EC0-301F-11D3-BF4B-00C04F79EFBC}") = "Data.Dapper.Extensions", "Data.Dapper.Extensions\Data.Dapper.Extensions.csproj", "{45401D82-9D59-40D6-B61B-E8F982BF588B}"
EndProject
Project("{FAE04EC0-301F-11D3-BF4B-00C04F79EFBC}") = "Common.Factories", "Common.Factories\Common.Factories.csproj", "{0A3B1183-2D1F-492C-B137-B86B654D8431}"
EndProject
Project("{FAE04EC0-301F-11D3-BF4B-00C04F79EFBC}") = "Application", "Application\Application.csproj", "{0642727D-C3E4-48CE-809E-FDD80782B333}"
EndProject
Project("{FAE04EC0-301F-11D3-BF4B-00C04F79EFBC}") = "Application.Services", "Application.Services\Application.Services.csproj", "{8CFADF2E-9AC6-44CE-9178-5088D008C4A9}"
EndProject
Global
	GlobalSection(SolutionConfigurationPlatforms) = preSolution
		Debug|Any CPU = Debug|Any CPU
		Release|Any CPU = Release|Any CPU
	EndGlobalSection
	GlobalSection(ProjectConfigurationPlatforms) = postSolution
		{2D9AF40E-D7C1-4765-B589-911029FE0568}.Debug|Any CPU.ActiveCfg = Debug|Any CPU
		{2D9AF40E-D7C1-4765-B589-911029FE0568}.Debug|Any CPU.Build.0 = Debug|Any CPU
		{2D9AF40E-D7C1-4765-B589-911029FE0568}.Release|Any CPU.ActiveCfg = Release|Any CPU
		{2D9AF40E-D7C1-4765-B589-911029FE0568}.Release|Any CPU.Build.0 = Release|Any CPU
		{125490FA-B630-4905-A8FC-DBDAC033281C}.Debug|Any CPU.ActiveCfg = Debug|Any CPU
		{125490FA-B630-4905-A8FC-DBDAC033281C}.Debug|Any CPU.Build.0 = Debug|Any CPU
		{125490FA-B630-4905-A8FC-DBDAC033281C}.Release|Any CPU.ActiveCfg = Release|Any CPU
		{125490FA-B630-4905-A8FC-DBDAC033281C}.Release|Any CPU.Build.0 = Release|Any CPU
		{9760FB52-0649-4F08-8FE4-3D6A02EEFD78}.Debug|Any CPU.ActiveCfg = Debug|Any CPU
		{9760FB52-0649-4F08-8FE4-3D6A02EEFD78}.Debug|Any CPU.Build.0 = Debug|Any CPU
		{9760FB52-0649-4F08-8FE4-3D6A02EEFD78}.Release|Any CPU.ActiveCfg = Release|Any CPU
		{9760FB52-0649-4F08-8FE4-3D6A02EEFD78}.Release|Any CPU.Build.0 = Release|Any CPU
		{D9174C91-B77E-4D00-AEBD-5C98D096A598}.Debug|Any CPU.ActiveCfg = Debug|Any CPU
		{D9174C91-B77E-4D00-AEBD-5C98D096A598}.Debug|Any CPU.Build.0 = Debug|Any CPU
		{D9174C91-B77E-4D00-AEBD-5C98D096A598}.Release|Any CPU.ActiveCfg = Release|Any CPU
		{D9174C91-B77E-4D00-AEBD-5C98D096A598}.Release|Any CPU.Build.0 = Release|Any CPU
		{87EED489-F961-4386-897C-566F28B835C5}.Debug|Any CPU.ActiveCfg = Debug|Any CPU
		{87EED489-F961-4386-897C-566F28B835C5}.Debug|Any CPU.Build.0 = Debug|Any CPU
		{87EED489-F961-4386-897C-566F28B835C5}.Release|Any CPU.ActiveCfg = Release|Any CPU
		{87EED489-F961-4386-897C-566F28B835C5}.Release|Any CPU.Build.0 = Release|Any CPU
		{DFC03266-B110-43FA-9C7E-72F64EDD731C}.Debug|Any CPU.ActiveCfg = Debug|Any CPU
		{DFC03266-B110-43FA-9C7E-72F64EDD731C}.Debug|Any CPU.Build.0 = Debug|Any CPU
		{DFC03266-B110-43FA-9C7E-72F64EDD731C}.Release|Any CPU.ActiveCfg = Release|Any CPU
		{DFC03266-B110-43FA-9C7E-72F64EDD731C}.Release|Any CPU.Build.0 = Release|Any CPU
		{BEBF5A14-72FE-4DAA-827C-5ED4FD3B6905}.Debug|Any CPU.ActiveCfg = Debug|Any CPU
		{BEBF5A14-72FE-4DAA-827C-5ED4FD3B6905}.Debug|Any CPU.Build.0 = Debug|Any CPU
		{BEBF5A14-72FE-4DAA-827C-5ED4FD3B6905}.Release|Any CPU.ActiveCfg = Release|Any CPU
		{BEBF5A14-72FE-4DAA-827C-5ED4FD3B6905}.Release|Any CPU.Build.0 = Release|Any CPU
		{73B300FE-6EB6-474D-9377-A901440F8696}.Debug|Any CPU.ActiveCfg = Debug|Any CPU
		{73B300FE-6EB6-474D-9377-A901440F8696}.Debug|Any CPU.Build.0 = Debug|Any CPU
		{73B300FE-6EB6-474D-9377-A901440F8696}.Release|Any CPU.ActiveCfg = Release|Any CPU
		{73B300FE-6EB6-474D-9377-A901440F8696}.Release|Any CPU.Build.0 = Release|Any CPU
		{2E0B7CBA-DF88-4EC9-8B42-77E9E9AB2BE9}.Debug|Any CPU.ActiveCfg = Debug|Any CPU
		{2E0B7CBA-DF88-4EC9-8B42-77E9E9AB2BE9}.Debug|Any CPU.Build.0 = Debug|Any CPU
		{2E0B7CBA-DF88-4EC9-8B42-77E9E9AB2BE9}.Release|Any CPU.ActiveCfg = Release|Any CPU
		{2E0B7CBA-DF88-4EC9-8B42-77E9E9AB2BE9}.Release|Any CPU.Build.0 = Release|Any CPU
		{E4F32425-1AB2-43C8-9BA7-140A730E7B64}.Debug|Any CPU.ActiveCfg = Debug|Any CPU
		{E4F32425-1AB2-43C8-9BA7-140A730E7B64}.Debug|Any CPU.Build.0 = Debug|Any CPU
		{E4F32425-1AB2-43C8-9BA7-140A730E7B64}.Release|Any CPU.ActiveCfg = Release|Any CPU
		{E4F32425-1AB2-43C8-9BA7-140A730E7B64}.Release|Any CPU.Build.0 = Release|Any CPU
		{C00E4B3F-D166-4C0D-A094-6CE005C5F76F}.Debug|Any CPU.ActiveCfg = Debug|Any CPU
		{C00E4B3F-D166-4C0D-A094-6CE005C5F76F}.Debug|Any CPU.Build.0 = Debug|Any CPU
		{C00E4B3F-D166-4C0D-A094-6CE005C5F76F}.Release|Any CPU.ActiveCfg = Release|Any CPU
		{C00E4B3F-D166-4C0D-A094-6CE005C5F76F}.Release|Any CPU.Build.0 = Release|Any CPU
		{9ABD5BAC-1D5B-4BFA-B2E8-F4949844F6F1}.Debug|Any CPU.ActiveCfg = Debug|Any CPU
		{9ABD5BAC-1D5B-4BFA-B2E8-F4949844F6F1}.Debug|Any CPU.Build.0 = Debug|Any CPU
		{9ABD5BAC-1D5B-4BFA-B2E8-F4949844F6F1}.Release|Any CPU.ActiveCfg = Release|Any CPU
		{9ABD5BAC-1D5B-4BFA-B2E8-F4949844F6F1}.Release|Any CPU.Build.0 = Release|Any CPU
		{45401D82-9D59-40D6-B61B-E8F982BF588B}.Debug|Any CPU.ActiveCfg = Debug|Any CPU
		{45401D82-9D59-40D6-B61B-E8F982BF588B}.Debug|Any CPU.Build.0 = Debug|Any CPU
		{45401D82-9D59-40D6-B61B-E8F982BF588B}.Release|Any CPU.ActiveCfg = Release|Any CPU
		{45401D82-9D59-40D6-B61B-E8F982BF588B}.Release|Any CPU.Build.0 = Release|Any CPU
		{0A3B1183-2D1F-492C-B137-B86B654D8431}.Debug|Any CPU.ActiveCfg = Debug|Any CPU
		{0A3B1183-2D1F-492C-B137-B86B654D8431}.Debug|Any CPU.Build.0 = Debug|Any CPU
		{0A3B1183-2D1F-492C-B137-B86B654D8431}.Release|Any CPU.ActiveCfg = Release|Any CPU
		{0A3B1183-2D1F-492C-B137-B86B654D8431}.Release|Any CPU.Build.0 = Release|Any CPU
		{0642727D-C3E4-48CE-809E-FDD80782B333}.Debug|Any CPU.ActiveCfg = Debug|Any CPU
		{0642727D-C3E4-48CE-809E-FDD80782B333}.Debug|Any CPU.Build.0 = Debug|Any CPU
		{0642727D-C3E4-48CE-809E-FDD80782B333}.Release|Any CPU.ActiveCfg = Release|Any CPU
		{0642727D-C3E4-48CE-809E-FDD80782B333}.Release|Any CPU.Build.0 = Release|Any CPU
		{8CFADF2E-9AC6-44CE-9178-5088D008C4A9}.Debug|Any CPU.ActiveCfg = Debug|Any CPU
		{8CFADF2E-9AC6-44CE-9178-5088D008C4A9}.Debug|Any CPU.Build.0 = Debug|Any CPU
		{8CFADF2E-9AC6-44CE-9178-5088D008C4A9}.Release|Any CPU.ActiveCfg = Release|Any CPU
		{8CFADF2E-9AC6-44CE-9178-5088D008C4A9}.Release|Any CPU.Build.0 = Release|Any CPU
	EndGlobalSection
	GlobalSection(SolutionProperties) = preSolution
		HideSolutionNode = FALSE
	EndGlobalSection
	GlobalSection(ExtensibilityGlobals) = postSolution
		SolutionGuid = {CBEC561A-3BD0-4FB4-A8DA-F0BD00767EFB}
	EndGlobalSection
EndGlobal
